
Microsoft Visual Studio Solution File, Format Version 12.00
# Visual Studio Version 17
VisualStudioVersion = 17.0.31912.275
MinimumVisualStudioVersion = 10.0.40219.1
Project("{9A19103F-16F7-4668-BE54-9A1E7A4F7556}") = "pr 5", "pr 5 kazakov 01.01\pr 5.csproj", "{576D03DD-15F5-493D-A675-73B35C39EDAF}"
EndProject
Global
	GlobalSection(SolutionConfigurationPlatforms) = preSolution
		Debug|Any CPU = Debug|Any CPU
		Release|Any CPU = Release|Any CPU
	EndGlobalSection
	GlobalSection(ProjectConfigurationPlatforms) = postSolution
		{576D03DD-15F5-493D-A675-73B35C39EDAF}.Debug|Any CPU.ActiveCfg = Debug|Any CPU
		{576D03DD-15F5-493D-A675-73B35C39EDAF}.Debug|Any CPU.Build.0 = Debug|Any CPU
		{576D03DD-15F5-493D-A675-73B35C39EDAF}.Release|Any CPU.ActiveCfg = Release|Any CPU
		{576D03DD-15F5-493D-A675-73B35C39EDAF}.Release|Any CPU.Build.0 = Release|Any CPU
	EndGlobalSection
	GlobalSection(SolutionProperties) = preSolution
		HideSolutionNode = FALSE
	EndGlobalSection
	GlobalSection(ExtensibilityGlobals) = postSolution
		SolutionGuid = {12892828-8EA3-4750-8B47-C35D255F9788}
	EndGlobalSection
EndGlobal
